// !$*UTF8*$!
{
	archiveVersion = 1;
	classes = {
	};
	objectVersion = 55;
	objects = {

/* Begin PBXBuildFile section */
		1E602719282C726300CD19FB /* main.cpp in Sources */ = {isa = PBXBuildFile; fileRef = 1E602703282C674D00CD19FB /* main.cpp */; };
		1E60271A282C726600CD19FB /* Vector3D.cpp in Sources */ = {isa = PBXBuildFile; fileRef = 1E60270D282C6AA300CD19FB /* Vector3D.cpp */; };
/* End PBXBuildFile section */

/* Begin PBXCopyFilesBuildPhase section */
		1E6026FE282C674D00CD19FB /* CopyFiles */ = {
			isa = PBXCopyFilesBuildPhase;
			buildActionMask = 2147483647;
			dstPath = /usr/share/man/man1/;
			dstSubfolderSpec = 0;
			files = (
			);
			runOnlyForDeploymentPostprocessing = 1;
		};
/* End PBXCopyFilesBuildPhase section */

/* Begin PBXFileReference section */
		1E602700282C674D00CD19FB /* lab5_1Boop */ = {isa = PBXFileReference; explicitFileType = "compiled.mach-o.executable"; includeInIndex = 0; path = lab5_1Boop; sourceTree = BUILT_PRODUCTS_DIR; };
		1E602703282C674D00CD19FB /* main.cpp */ = {isa = PBXFileReference; lastKnownFileType = sourcecode.cpp.cpp; path = main.cpp; sourceTree = "<group>"; };
		1E60270D282C6AA300CD19FB /* Vector3D.cpp */ = {isa = PBXFileReference; lastKnownFileType = sourcecode.cpp.cpp; path = Vector3D.cpp; sourceTree = "<group>"; };
		1E60270E282C6AA300CD19FB /* Vector3D.hpp */ = {isa = PBXFileReference; lastKnownFileType = sourcecode.cpp.h; path = Vector3D.hpp; sourceTree = "<group>"; };
		1E602711282C6ED900CD19FB /* Exc.hpp */ = {isa = PBXFileReference; lastKnownFileType = sourcecode.cpp.h; path = Exc.hpp; sourceTree = "<group>"; };
		1E602714282C6EF000CD19FB /* ExcInh.hpp */ = {isa = PBXFileReference; lastKnownFileType = sourcecode.cpp.h; path = ExcInh.hpp; sourceTree = "<group>"; };
		1E602716282C71F600CD19FB /* catch.cpp */ = {isa = PBXFileReference; lastKnownFileType = sourcecode.cpp.cpp; path = catch.cpp; sourceTree = "<group>"; };
		1E602717282C71F600CD19FB /* catch.hpp */ = {isa = PBXFileReference; lastKnownFileType = sourcecode.cpp.h; path = catch.hpp; sourceTree = "<group>"; };
/* End PBXFileReference section */

/* Begin PBXFrameworksBuildPhase section */
		1E6026FD282C674D00CD19FB /* Frameworks */ = {
			isa = PBXFrameworksBuildPhase;
			buildActionMask = 2147483647;
			files = (
			);
			runOnlyForDeploymentPostprocessing = 0;
		};
/* End PBXFrameworksBuildPhase section */

/* Begin PBXGroup section */
		1E6026F7282C674D00CD19FB = {
			isa = PBXGroup;
			children = (
				1E602702282C674D00CD19FB /* lab5_1Boop */,
				1E602701282C674D00CD19FB /* Products */,
			);
			sourceTree = "<group>";
		};
		1E602701282C674D00CD19FB /* Products */ = {
			isa = PBXGroup;
			children = (
				1E602700282C674D00CD19FB /* lab5_1Boop */,
			);
			name = Products;
			sourceTree = "<group>";
		};
		1E602702282C674D00CD19FB /* lab5_1Boop */ = {
			isa = PBXGroup;
			children = (
				1E602703282C674D00CD19FB /* main.cpp */,
				1E60270D282C6AA300CD19FB /* Vector3D.cpp */,
				1E60270E282C6AA300CD19FB /* Vector3D.hpp */,
				1E602711282C6ED900CD19FB /* Exc.hpp */,
				1E602714282C6EF000CD19FB /* ExcInh.hpp */,
				1E602716282C71F600CD19FB /* catch.cpp */,
				1E602717282C71F600CD19FB /* catch.hpp */,
			);
			path = lab5_1Boop;
			sourceTree = "<group>";
		};
/* End PBXGroup section */

/* Begin PBXNativeTarget section */
		1E6026FF282C674D00CD19FB /* lab5_1Boop */ = {
			isa = PBXNativeTarget;
			buildConfigurationList = 1E602707282C674D00CD19FB /* Build configuration list for PBXNativeTarget "lab5_1Boop" */;
			buildPhases = (
				1E6026FC282C674D00CD19FB /* Sources */,
				1E6026FD282C674D00CD19FB /* Frameworks */,
				1E6026FE282C674D00CD19FB /* CopyFiles */,
			);
			buildRules = (
			);
			dependencies = (
			);
			name = lab5_1Boop;
			productName = lab5_1Boop;
			productReference = 1E602700282C674D00CD19FB /* lab5_1Boop */;
			productType = "com.apple.product-type.tool";
		};
/* End PBXNativeTarget section */

/* Begin PBXProject section */
		1E6026F8282C674D00CD19FB /* Project object */ = {
			isa = PBXProject;
			attributes = {
				BuildIndependentTargetsInParallel = 1;
				LastUpgradeCheck = 1320;
				TargetAttributes = {
					1E6026FF282C674D00CD19FB = {
						CreatedOnToolsVersion = 13.2.1;
					};
				};
			};
			buildConfigurationList = 1E6026FB282C674D00CD19FB /* Build configuration list for PBXProject "lab5_1Boop" */;
			compatibilityVersion = "Xcode 13.0";
			developmentRegion = en;
			hasScannedForEncodings = 0;
			knownRegions = (
				en,
				Base,
			);
			mainGroup = 1E6026F7282C674D00CD19FB;
			productRefGroup = 1E602701282C674D00CD19FB /* Products */;
			projectDirPath = "";
			projectRoot = "";
			targets = (
				1E6026FF282C674D00CD19FB /* lab5_1Boop */,
			);
		};
/* End PBXProject section */

/* Begin PBXSourcesBuildPhase section */
		1E6026FC282C674D00CD19FB /* Sources */ = {
			isa = PBXSourcesBuildPhase;
			buildActionMask = 2147483647;
			files = (
				1E602719282C726300CD19FB /* main.cpp in Sources */,
				1E60271A282C726600CD19FB /* Vector3D.cpp in Sources */,
			);
			runOnlyForDeploymentPostprocessing = 0;
		};
/* End PBXSourcesBuildPhase section */

/* Begin XCBuildConfiguration section */
		1E602705282C674D00CD19FB /* Debug */ = {
			isa = XCBuildConfiguration;
			buildSettings = {
				ALWAYS_SEARCH_USER_PATHS = NO;
				CLANG_ANALYZER_NONNULL = YES;
				CLANG_ANALYZER_NUMBER_OBJECT_CONVERSION = YES_AGGRESSIVE;
				CLANG_CXX_LANGUAGE_STANDARD = "c++14";
				CLANG_CXX_LIBRARY = "libc++";
				CLANG_ENABLE_MODULES = YES;
				CLANG_ENABLE_OBJC_ARC = YES;
				CLANG_ENABLE_OBJC_WEAK = YES;
				CLANG_WARN_BLOCK_CAPTURE_AUTORELEASING = YES;
				CLANG_WARN_BOOL_CONVERSION = YES;
				CLANG_WARN_COMMA = YES;
				CLANG_WARN_CONSTANT_CONVERSION = YES;
				CLANG_WARN_DEPRECATED_OBJC_IMPLEMENTATIONS = YES;
				CLANG_WARN_DIRECT_OBJC_ISA_USAGE = YES_ERROR;
				CLANG_WARN_DOCUMENTATION_COMMENTS = YES;
				CLANG_WARN_EMPTY_BODY = YES;
				CLANG_WARN_ENUM_CONVERSION = YES;
				CLANG_WARN_INFINITE_RECURSION = YES;
				CLANG_WARN_INT_CONVERSION = YES;
				CLANG_WARN_NON_LITERAL_NULL_CONVERSION = YES;
				CLANG_WARN_OBJC_IMPLICIT_RETAIN_SELF = YES;
				CLANG_WARN_OBJC_LITERAL_CONVERSION = YES;
				CLANG_WARN_OBJC_ROOT_CLASS = YES_ERROR;
				CLANG_WARN_QUOTED_INCLUDE_IN_FRAMEWORK_HEADER = YES;
				CLANG_WARN_RANGE_LOOP_ANALYSIS = YES;
				CLANG_WARN_STRICT_PROTOTYPES = YES;
				CLANG_WARN_SUSPICIOUS_MOVE = YES;
				CLANG_WARN_UNGUARDED_AVAILABILITY = YES_AGGRESSIVE;
				CLANG_WARN_UNREACHABLE_CODE = YES;
				CLANG_WARN__DUPLICATE_METHOD_MATCH = YES;
				COPY_PHASE_STRIP = NO;
				DEBUG_INFORMATION_FORMAT = dwarf;
				ENABLE_STRICT_OBJC_MSGSEND = YES;
				ENABLE_TESTABILITY = YES;
				GCC_C_LANGUAGE_STANDARD = gnu11;
				GCC_DYNAMIC_NO_PIC = NO;
				GCC_NO_COMMON_BLOCKS = YES;
				GCC_OPTIMIZATION_LEVEL = 0;
				GCC_PREPROCESSOR_DEFINITIONS = (
					"DEBUG=1",
					"$(inherited)",
				);
				GCC_WARN_64_TO_32_BIT_CONVERSION = YES;
				GCC_WARN_ABOUT_RETURN_TYPE = YES_ERROR;
				GCC_WARN_UNDECLARED_SELECTOR = YES;
				GCC_WARN_UNINITIALIZED_AUTOS = YES_AGGRESSIVE;
				GCC_WARN_UNUSED_FUNCTION = YES;
				GCC_WARN_UNUSED_VARIABLE = YES;
				MACOSX_DEPLOYMENT_TARGET = 12.1;
				MTL_ENABLE_DEBUG_INFO = INCLUDE_SOURCE;
				MTL_FAST_MATH = YES;
				ONLY_ACTIVE_ARCH = YES;
				SDKROOT = macosx;
			};
			name = Debug;
		};
		1E602706282C674D00CD19FB /* Release */ = {
			isa = XCBuildConfiguration;
			buildSettings = {
				ALWAYS_SEARCH_USER_PATHS = NO;
				CLANG_ANALYZER_NONNULL = YES;
				CLANG_ANALYZER_NUMBER_OBJECT_CONVERSION = YES_AGGRESSIVE;
				CLANG_CXX_LANGUAGE_STANDARD = "c++14";
				CLANG_CXX_LIBRARY = "libc++";
				CLANG_ENABLE_MODULES = YES;
				CLANG_ENABLE_OBJC_ARC = YES;
				CLANG_ENABLE_OBJC_WEAK = YES;
				CLANG_WARN_BLOCK_CAPTURE_AUTORELEASING = YES;
				CLANG_WARN_BOOL_CONVERSION = YES;
				CLANG_WARN_COMMA = YES;
				CLANG_WARN_CONSTANT_CONVERSION = YES;
				CLANG_WARN_DEPRECATED_OBJC_IMPLEMENTATIONS = YES;
				CLANG_WARN_DIRECT_OBJC_ISA_USAGE = YES_ERROR;
				CLANG_WARN_DOCUMENTATION_COMMENTS = YES;
				CLANG_WARN_EMPTY_BODY = YES;
				CLANG_WARN_ENUM_CONVERSION = YES;
				CLANG_WARN_INFINITE_RECURSION = YES;
				CLANG_WARN_INT_CONVERSION = YES;
				CLANG_WARN_NON_LITERAL_NULL_CONVERSION = YES;
				CLANG_WARN_OBJC_IMPLICIT_RETAIN_SELF = YES;
				CLANG_WARN_OBJC_LITERAL_CONVERSION = YES;
				CLANG_WARN_OBJC_ROOT_CLASS = YES_ERROR;
				CLANG_WARN_QUOTED_INCLUDE_IN_FRAMEWORK_HEADER = YES;
				CLANG_WARN_RANGE_LOOP_ANALYSIS = YES;
				CLANG_WARN_STRICT_PROTOTYPES = YES;
				CLANG_WARN_SUSPICIOUS_MOVE = YES;
				CLANG_WARN_UNGUARDED_AVAILABILITY = YES_AGGRESSIVE;
				CLANG_WARN_UNREACHABLE_CODE = YES;
				CLANG_WARN__DUPLICATE_METHOD_MATCH = YES;
				COPY_PHASE_STRIP = NO;
				DEBUG_INFORMATION_FORMAT = "dwarf-with-dsym";
				ENABLE_NS_ASSERTIONS = NO;
				ENABLE_STRICT_OBJC_MSGSEND = YES;
				GCC_C_LANGUAGE_STANDARD = gnu11;
				GCC_NO_COMMON_BLOCKS = YES;
				GCC_WARN_64_TO_32_BIT_CONVERSION = YES;
				GCC_WARN_ABOUT_RETURN_TYPE = YES_ERROR;
				GCC_WARN_UNDECLARED_SELECTOR = YES;
				GCC_WARN_UNINITIALIZED_AUTOS = YES_AGGRESSIVE;
				GCC_WARN_UNUSED_FUNCTION = YES;
				GCC_WARN_UNUSED_VARIABLE = YES;
				MACOSX_DEPLOYMENT_TARGET = 12.1;
				MTL_ENABLE_DEBUG_INFO = NO;
				MTL_FAST_MATH = YES;
				SDKROOT = macosx;
			};
			name = Release;
		};
		1E602708282C674D00CD19FB /* Debug */ = {
			isa = XCBuildConfiguration;
			buildSettings = {
				CODE_SIGN_STYLE = Automatic;
				PRODUCT_NAME = "$(TARGET_NAME)";
			};
			name = Debug;
		};
		1E602709282C674D00CD19FB /* Release */ = {
			isa = XCBuildConfiguration;
			buildSettings = {
				CODE_SIGN_STYLE = Automatic;
				PRODUCT_NAME = "$(TARGET_NAME)";
			};
			name = Release;
		};
/* End XCBuildConfiguration section */

/* Begin XCConfigurationList section */
		1E6026FB282C674D00CD19FB /* Build configuration list for PBXProject "lab5_1Boop" */ = {
			isa = XCConfigurationList;
			buildConfigurations = (
				1E602705282C674D00CD19FB /* Debug */,
				1E602706282C674D00CD19FB /* Release */,
			);
			defaultConfigurationIsVisible = 0;
			defaultConfigurationName = Release;
		};
		1E602707282C674D00CD19FB /* Build configuration list for PBXNativeTarget "lab5_1Boop" */ = {
			isa = XCConfigurationList;
			buildConfigurations = (
				1E602708282C674D00CD19FB /* Debug */,
				1E602709282C674D00CD19FB /* Release */,
			);
			defaultConfigurationIsVisible = 0;
			defaultConfigurationName = Release;
		};
/* End XCConfigurationList section */
	};
	rootObject = 1E6026F8282C674D00CD19FB /* Project object */;
}
